
Microsoft Visual Studio Solution File, Format Version 12.00
# Visual Studio Version 16
VisualStudioVersion = 16.0.29025.244
MinimumVisualStudioVersion = 10.0.40219.1
Project("{FAE04EC0-301F-11D3-BF4B-00C04F79EFBC}") = "SINIS", "SINIS.csproj", "{E0390F31-0BD0-44BB-9014-09A99A27AEE6}"
EndProject
Global
	GlobalSection(SolutionConfigurationPlatforms) = preSolution
		Debug|Any CPU = Debug|Any CPU
		Release|Any CPU = Release|Any CPU
	EndGlobalSection
	GlobalSection(ProjectConfigurationPlatforms) = postSolution
		{E0390F31-0BD0-44BB-9014-09A99A27AEE6}.Debug|Any CPU.ActiveCfg = Debug|Any CPU
		{E0390F31-0BD0-44BB-9014-09A99A27AEE6}.Debug|Any CPU.Build.0 = Debug|Any CPU
		{E0390F31-0BD0-44BB-9014-09A99A27AEE6}.Release|Any CPU.ActiveCfg = Release|Any CPU
		{E0390F31-0BD0-44BB-9014-09A99A27AEE6}.Release|Any CPU.Build.0 = Release|Any CPU
	EndGlobalSection
	GlobalSection(SolutionProperties) = preSolution
		HideSolutionNode = FALSE
	EndGlobalSection
	GlobalSection(ExtensibilityGlobals) = postSolution
		SolutionGuid = {3941605F-49EB-4954-99A6-707F03B3F38F}
	EndGlobalSection
EndGlobal
